# THIS IS AN AUTOGENERATED FILE. DO NOT EDIT THIS FILE DIRECTLY.
# yarn lockfile v1


"@estimote/react-native-proximity@^0.4.1":
  version "0.4.1"
  resolved "https://registry.yarnpkg.com/@estimote/react-native-proximity/-/react-native-proximity-0.4.1.tgz#462cbeec4b7d4dbe625555fa6e8f8bb008559e1e"
  integrity sha512-Ybc7dqZgcw0gPQvAuwZ4FRMujY3elbeOfYO5Jmr/l/JUvxKBU338Vs+4j3IP/fLjrF5bUTucSJmbyUTCO8vpUw==
